
Microsoft Visual Studio Solution File, Format Version 12.00
# Visual Studio Version 17
VisualStudioVersion = 17.4.33213.308
MinimumVisualStudioVersion = 10.0.40219.1
Project("{FAE04EC0-301F-11D3-BF4B-00C04F79EFBC}") = "13,02,23", "13,02,23.csproj", "{DFA1C920-265D-40C8-A563-0875BF50C313}"
EndProject
Global
	GlobalSection(SolutionConfigurationPlatforms) = preSolution
		Debug|Any CPU = Debug|Any CPU
		Release|Any CPU = Release|Any CPU
	EndGlobalSection
	GlobalSection(ProjectConfigurationPlatforms) = postSolution
		{DFA1C920-265D-40C8-A563-0875BF50C313}.Debug|Any CPU.ActiveCfg = Debug|Any CPU
		{DFA1C920-265D-40C8-A563-0875BF50C313}.Debug|Any CPU.Build.0 = Debug|Any CPU
		{DFA1C920-265D-40C8-A563-0875BF50C313}.Release|Any CPU.ActiveCfg = Release|Any CPU
		{DFA1C920-265D-40C8-A563-0875BF50C313}.Release|Any CPU.Build.0 = Release|Any CPU
	EndGlobalSection
	GlobalSection(SolutionProperties) = preSolution
		HideSolutionNode = FALSE
	EndGlobalSection
	GlobalSection(ExtensibilityGlobals) = postSolution
		SolutionGuid = {5037F6B4-8427-49B6-958B-CF68D2D4F55A}
	EndGlobalSection
EndGlobal
